
Microsoft Visual Studio Solution File, Format Version 11.00
# Visual Studio 2010
Project("{FAE04EC0-301F-11D3-BF4B-00C04F79EFBC}") = "AssessTrack.Tests", "AssessTrack.Tests\AssessTrack.Tests.csproj", "{CA6737E6-FFC6-4F48-8873-3168EE102CBF}"
EndProject
Project("{FAE04EC0-301F-11D3-BF4B-00C04F79EFBC}") = "AssessTrack", "AssessTrack\AssessTrack.csproj", "{D27B1B7D-A6E3-4AB3-8B01-10D8AB198B5A}"
EndProject
Global
	GlobalSection(SolutionConfigurationPlatforms) = preSolution
		Debug|Any CPU = Debug|Any CPU
		Release|Any CPU = Release|Any CPU
	EndGlobalSection
	GlobalSection(ProjectConfigurationPlatforms) = postSolution
		{CA6737E6-FFC6-4F48-8873-3168EE102CBF}.Debug|Any CPU.ActiveCfg = Debug|Any CPU
		{CA6737E6-FFC6-4F48-8873-3168EE102CBF}.Release|Any CPU.ActiveCfg = Release|Any CPU
		{CA6737E6-FFC6-4F48-8873-3168EE102CBF}.Release|Any CPU.Build.0 = Release|Any CPU
		{D27B1B7D-A6E3-4AB3-8B01-10D8AB198B5A}.Debug|Any CPU.ActiveCfg = Debug|Any CPU
		{D27B1B7D-A6E3-4AB3-8B01-10D8AB198B5A}.Debug|Any CPU.Build.0 = Debug|Any CPU
		{D27B1B7D-A6E3-4AB3-8B01-10D8AB198B5A}.Release|Any CPU.ActiveCfg = Release|Any CPU
		{D27B1B7D-A6E3-4AB3-8B01-10D8AB198B5A}.Release|Any CPU.Build.0 = Release|Any CPU
	EndGlobalSection
	GlobalSection(SolutionProperties) = preSolution
		HideSolutionNode = FALSE
	EndGlobalSection
EndGlobal
